<Solution>
  <Folder Name="/HighConcurrencyTicketApi/" />
  <Folder Name="/performance/" />
  <Folder Name="/Solution Items/">
    <File Path=".gitignore" />
    <File Path="README.md" />
  </Folder>
  <Folder Name="/src/">
    <Project Path="HighConcurrencyTicketApi.csproj" />
  </Folder>
  <Folder Name="/tests/" />
</Solution>
